# THIS IS AN AUTOGENERATED FILE. DO NOT EDIT THIS FILE DIRECTLY.
# yarn lockfile v1


create-next-app@^9.4.1:
  version "9.5.5"
  resolved "https://registry.npm.taobao.org/create-next-app/download/create-next-app-9.5.5.tgz#db1ed9c7446f3aa7f859f959e62fdb32ade44d62"
  integrity sha1-2x7Zx0RvOqf4WflZ5i/bMq3kTWI=
